// !$*UTF8*$!
{
	archiveVersion = 1;
	classes = {
	};
	objectVersion = 51;
	objects = {

/* Begin PBXBuildFile section */
		5104AC0F24C213860002F7C7 /* AppDelegate.swift in Sources */ = {isa = PBXBuildFile; fileRef = 5104AC0E24C213860002F7C7 /* AppDelegate.swift */; };
		5104AC1124C213860002F7C7 /* SceneDelegate.swift in Sources */ = {isa = PBXBuildFile; fileRef = 5104AC1024C213860002F7C7 /* SceneDelegate.swift */; };
		5104AC1624C213860002F7C7 /* Main.storyboard in Resources */ = {isa = PBXBuildFile; fileRef = 5104AC1424C213860002F7C7 /* Main.storyboard */; };
		5104AC1824C2138A0002F7C7 /* Assets.xcassets in Resources */ = {isa = PBXBuildFile; fileRef = 5104AC1724C2138A0002F7C7 /* Assets.xcassets */; };
		5104AC1B24C2138A0002F7C7 /* LaunchScreen.storyboard in Resources */ = {isa = PBXBuildFile; fileRef = 5104AC1924C2138A0002F7C7 /* LaunchScreen.storyboard */; };
		5104AC2324C213B80002F7C7 /* LoginViewController.swift in Sources */ = {isa = PBXBuildFile; fileRef = 5104AC2224C213B80002F7C7 /* LoginViewController.swift */; };
		5104AC2524C213F40002F7C7 /* HomeViewController.swift in Sources */ = {isa = PBXBuildFile; fileRef = 5104AC2424C213F40002F7C7 /* HomeViewController.swift */; };
		5104AC2724C214070002F7C7 /* ImageSelectViewController.swift in Sources */ = {isa = PBXBuildFile; fileRef = 5104AC2624C214070002F7C7 /* ImageSelectViewController.swift */; };
		5104AC2924C214140002F7C7 /* PostViewController.swift in Sources */ = {isa = PBXBuildFile; fileRef = 5104AC2824C214140002F7C7 /* PostViewController.swift */; };
		5104AC2B24C214230002F7C7 /* SettingViewController.swift in Sources */ = {isa = PBXBuildFile; fileRef = 5104AC2A24C214230002F7C7 /* SettingViewController.swift */; };
		5104AC2D24C2219C0002F7C7 /* TabBarController.swift in Sources */ = {isa = PBXBuildFile; fileRef = 5104AC2C24C2219C0002F7C7 /* TabBarController.swift */; };
		5104AC2F24C227FB0002F7C7 /* GoogleService-Info.plist in Resources */ = {isa = PBXBuildFile; fileRef = 5104AC2E24C227FB0002F7C7 /* GoogleService-Info.plist */; };
		C7A3DF65FD6184351E868F36 /* Pods_instagram.framework in Frameworks */ = {isa = PBXBuildFile; fileRef = 613659E5C802C548A907921A /* Pods_instagram.framework */; };
/* End PBXBuildFile section */

/* Begin PBXFileReference section */
		5104AC0B24C213860002F7C7 /* instagram.app */ = {isa = PBXFileReference; explicitFileType = wrapper.application; includeInIndex = 0; path = instagram.app; sourceTree = BUILT_PRODUCTS_DIR; };
		5104AC0E24C213860002F7C7 /* AppDelegate.swift */ = {isa = PBXFileReference; lastKnownFileType = sourcecode.swift; path = AppDelegate.swift; sourceTree = "<group>"; };
		5104AC1024C213860002F7C7 /* SceneDelegate.swift */ = {isa = PBXFileReference; lastKnownFileType = sourcecode.swift; path = SceneDelegate.swift; sourceTree = "<group>"; };
		5104AC1524C213860002F7C7 /* Base */ = {isa = PBXFileReference; lastKnownFileType = file.storyboard; name = Base; path = Base.lproj/Main.storyboard; sourceTree = "<group>"; };
		5104AC1724C2138A0002F7C7 /* Assets.xcassets */ = {isa = PBXFileReference; lastKnownFileType = folder.assetcatalog; path = Assets.xcassets; sourceTree = "<group>"; };
		5104AC1A24C2138A0002F7C7 /* Base */ = {isa = PBXFileReference; lastKnownFileType = file.storyboard; name = Base; path = Base.lproj/LaunchScreen.storyboard; sourceTree = "<group>"; };
		5104AC1C24C2138A0002F7C7 /* Info.plist */ = {isa = PBXFileReference; lastKnownFileType = text.plist.xml; path = Info.plist; sourceTree = "<group>"; };
		5104AC2224C213B80002F7C7 /* LoginViewController.swift */ = {isa = PBXFileReference; lastKnownFileType = sourcecode.swift; path = LoginViewController.swift; sourceTree = "<group>"; };
		5104AC2424C213F40002F7C7 /* HomeViewController.swift */ = {isa = PBXFileReference; lastKnownFileType = sourcecode.swift; path = HomeViewController.swift; sourceTree = "<group>"; };
		5104AC2624C214070002F7C7 /* ImageSelectViewController.swift */ = {isa = PBXFileReference; lastKnownFileType = sourcecode.swift; path = ImageSelectViewController.swift; sourceTree = "<group>"; };
		5104AC2824C214140002F7C7 /* PostViewController.swift */ = {isa = PBXFileReference; lastKnownFileType = sourcecode.swift; path = PostViewController.swift; sourceTree = "<group>"; };
		5104AC2A24C214230002F7C7 /* SettingViewController.swift */ = {isa = PBXFileReference; lastKnownFileType = sourcecode.swift; path = SettingViewController.swift; sourceTree = "<group>"; };
		5104AC2C24C2219C0002F7C7 /* TabBarController.swift */ = {isa = PBXFileReference; lastKnownFileType = sourcecode.swift; path = TabBarController.swift; sourceTree = "<group>"; };
		5104AC2E24C227FB0002F7C7 /* GoogleService-Info.plist */ = {isa = PBXFileReference; fileEncoding = 4; lastKnownFileType = text.plist.xml; path = "GoogleService-Info.plist"; sourceTree = "<group>"; };
		613659E5C802C548A907921A /* Pods_instagram.framework */ = {isa = PBXFileReference; explicitFileType = wrapper.framework; includeInIndex = 0; path = Pods_instagram.framework; sourceTree = BUILT_PRODUCTS_DIR; };
		D9399A236BA20391977C2430 /* Pods-instagram.release.xcconfig */ = {isa = PBXFileReference; includeInIndex = 1; lastKnownFileType = text.xcconfig; name = "Pods-instagram.release.xcconfig"; path = "Target Support Files/Pods-instagram/Pods-instagram.release.xcconfig"; sourceTree = "<group>"; };
		FC4DBDAED7341443CEF53FAE /* Pods-instagram.debug.xcconfig */ = {isa = PBXFileReference; includeInIndex = 1; lastKnownFileType = text.xcconfig; name = "Pods-instagram.debug.xcconfig"; path = "Target Support Files/Pods-instagram/Pods-instagram.debug.xcconfig"; sourceTree = "<group>"; };
/* End PBXFileReference section */

/* Begin PBXFrameworksBuildPhase section */
		5104AC0824C213860002F7C7 /* Frameworks */ = {
			isa = PBXFrameworksBuildPhase;
			buildActionMask = 2147483647;
			files = (
				C7A3DF65FD6184351E868F36 /* Pods_instagram.framework in Frameworks */,
			);
			runOnlyForDeploymentPostprocessing = 0;
		};
/* End PBXFrameworksBuildPhase section */

/* Begin PBXGroup section */
		5104AC0224C213860002F7C7 = {
			isa = PBXGroup;
			children = (
				5104AC0D24C213860002F7C7 /* instagram */,
				5104AC0C24C213860002F7C7 /* Products */,
				EE8AE840F2BD2E45BD0D1512 /* Pods */,
				856048C46EA08999FD4F7F50 /* Frameworks */,
			);
			sourceTree = "<group>";
		};
		5104AC0C24C213860002F7C7 /* Products */ = {
			isa = PBXGroup;
			children = (
				5104AC0B24C213860002F7C7 /* instagram.app */,
			);
			name = Products;
			sourceTree = "<group>";
		};
		5104AC0D24C213860002F7C7 /* instagram */ = {
			isa = PBXGroup;
			children = (
				5104AC0E24C213860002F7C7 /* AppDelegate.swift */,
				5104AC2C24C2219C0002F7C7 /* TabBarController.swift */,
				5104AC1024C213860002F7C7 /* SceneDelegate.swift */,
				5104AC2224C213B80002F7C7 /* LoginViewController.swift */,
				5104AC2424C213F40002F7C7 /* HomeViewController.swift */,
				5104AC2624C214070002F7C7 /* ImageSelectViewController.swift */,
				5104AC2824C214140002F7C7 /* PostViewController.swift */,
				5104AC2A24C214230002F7C7 /* SettingViewController.swift */,
				5104AC1424C213860002F7C7 /* Main.storyboard */,
				5104AC1724C2138A0002F7C7 /* Assets.xcassets */,
				5104AC1924C2138A0002F7C7 /* LaunchScreen.storyboard */,
				5104AC1C24C2138A0002F7C7 /* Info.plist */,
				5104AC2E24C227FB0002F7C7 /* GoogleService-Info.plist */,
			);
			path = instagram;
			sourceTree = "<group>";
		};
		856048C46EA08999FD4F7F50 /* Frameworks */ = {
			isa = PBXGroup;
			children = (
				613659E5C802C548A907921A /* Pods_instagram.framework */,
			);
			name = Frameworks;
			sourceTree = "<group>";
		};
		EE8AE840F2BD2E45BD0D1512 /* Pods */ = {
			isa = PBXGroup;
			children = (
				FC4DBDAED7341443CEF53FAE /* Pods-instagram.debug.xcconfig */,
				D9399A236BA20391977C2430 /* Pods-instagram.release.xcconfig */,
			);
			path = Pods;
			sourceTree = "<group>";
		};
/* End PBXGroup section */

/* Begin PBXNativeTarget section */
		5104AC0A24C213860002F7C7 /* instagram */ = {
			isa = PBXNativeTarget;
			buildConfigurationList = 5104AC1F24C2138A0002F7C7 /* Build configuration list for PBXNativeTarget "instagram" */;
			buildPhases = (
				6C79B4F48D1B579BF9B847F0 /* [CP] Check Pods Manifest.lock */,
				5104AC0724C213860002F7C7 /* Sources */,
				5104AC0824C213860002F7C7 /* Frameworks */,
				5104AC0924C213860002F7C7 /* Resources */,
				2C69BBD561EB70041A246E38 /* [CP] Embed Pods Frameworks */,
			);
			buildRules = (
			);
			dependencies = (
			);
			name = instagram;
			productName = instagram;
			productReference = 5104AC0B24C213860002F7C7 /* instagram.app */;
			productType = "com.apple.product-type.application";
		};
/* End PBXNativeTarget section */

/* Begin PBXProject section */
		5104AC0324C213860002F7C7 /* Project object */ = {
			isa = PBXProject;
			attributes = {
				LastSwiftUpdateCheck = 1150;
				LastUpgradeCheck = 1150;
				ORGANIZATIONNAME = ryosuke.ishihara;
				TargetAttributes = {
					5104AC0A24C213860002F7C7 = {
						CreatedOnToolsVersion = 11.5;
					};
				};
			};
			buildConfigurationList = 5104AC0624C213860002F7C7 /* Build configuration list for PBXProject "instagram" */;
			compatibilityVersion = "Xcode 9.3";
			developmentRegion = en;
			hasScannedForEncodings = 0;
			knownRegions = (
				en,
				Base,
			);
			mainGroup = 5104AC0224C213860002F7C7;
			productRefGroup = 5104AC0C24C213860002F7C7 /* Products */;
			projectDirPath = "";
			projectRoot = "";
			targets = (
				5104AC0A24C213860002F7C7 /* instagram */,
			);
		};
/* End PBXProject section */

/* Begin PBXResourcesBuildPhase section */
		5104AC0924C213860002F7C7 /* Resources */ = {
			isa = PBXResourcesBuildPhase;
			buildActionMask = 2147483647;
			files = (
				5104AC1B24C2138A0002F7C7 /* LaunchScreen.storyboard in Resources */,
				5104AC2F24C227FB0002F7C7 /* GoogleService-Info.plist in Resources */,
				5104AC1824C2138A0002F7C7 /* Assets.xcassets in Resources */,
				5104AC1624C213860002F7C7 /* Main.storyboard in Resources */,
			);
			runOnlyForDeploymentPostprocessing = 0;
		};
/* End PBXResourcesBuildPhase section */

/* Begin PBXShellScriptBuildPhase section */
		2C69BBD561EB70041A246E38 /* [CP] Embed Pods Frameworks */ = {
			isa = PBXShellScriptBuildPhase;
			buildActionMask = 2147483647;
			files = (
			);
			inputFileListPaths = (
				"${PODS_ROOT}/Target Support Files/Pods-instagram/Pods-instagram-frameworks-${CONFIGURATION}-input-files.xcfilelist",
			);
			name = "[CP] Embed Pods Frameworks";
			outputFileListPaths = (
				"${PODS_ROOT}/Target Support Files/Pods-instagram/Pods-instagram-frameworks-${CONFIGURATION}-output-files.xcfilelist",
			);
			runOnlyForDeploymentPostprocessing = 0;
			shellPath = /bin/sh;
			shellScript = "\"${PODS_ROOT}/Target Support Files/Pods-instagram/Pods-instagram-frameworks.sh\"\n";
			showEnvVarsInLog = 0;
		};
		6C79B4F48D1B579BF9B847F0 /* [CP] Check Pods Manifest.lock */ = {
			isa = PBXShellScriptBuildPhase;
			buildActionMask = 2147483647;
			files = (
			);
			inputFileListPaths = (
			);
			inputPaths = (
				"${PODS_PODFILE_DIR_PATH}/Podfile.lock",
				"${PODS_ROOT}/Manifest.lock",
			);
			name = "[CP] Check Pods Manifest.lock";
			outputFileListPaths = (
			);
			outputPaths = (
				"$(DERIVED_FILE_DIR)/Pods-instagram-checkManifestLockResult.txt",
			);
			runOnlyForDeploymentPostprocessing = 0;
			shellPath = /bin/sh;
			shellScript = "diff \"${PODS_PODFILE_DIR_PATH}/Podfile.lock\" \"${PODS_ROOT}/Manifest.lock\" > /dev/null\nif [ $? != 0 ] ; then\n    # print error to STDERR\n    echo \"error: The sandbox is not in sync with the Podfile.lock. Run 'pod install' or update your CocoaPods installation.\" >&2\n    exit 1\nfi\n# This output is used by Xcode 'outputs' to avoid re-running this script phase.\necho \"SUCCESS\" > \"${SCRIPT_OUTPUT_FILE_0}\"\n";
			showEnvVarsInLog = 0;
		};
/* End PBXShellScriptBuildPhase section */

/* Begin PBXSourcesBuildPhase section */
		5104AC0724C213860002F7C7 /* Sources */ = {
			isa = PBXSourcesBuildPhase;
			buildActionMask = 2147483647;
			files = (
				5104AC2724C214070002F7C7 /* ImageSelectViewController.swift in Sources */,
				5104AC2D24C2219C0002F7C7 /* TabBarController.swift in Sources */,
				5104AC2524C213F40002F7C7 /* HomeViewController.swift in Sources */,
				5104AC2924C214140002F7C7 /* PostViewController.swift in Sources */,
				5104AC2B24C214230002F7C7 /* SettingViewController.swift in Sources */,
				5104AC2324C213B80002F7C7 /* LoginViewController.swift in Sources */,
				5104AC0F24C213860002F7C7 /* AppDelegate.swift in Sources */,
				5104AC1124C213860002F7C7 /* SceneDelegate.swift in Sources */,
			);
			runOnlyForDeploymentPostprocessing = 0;
		};
/* End PBXSourcesBuildPhase section */

/* Begin PBXVariantGroup section */
		5104AC1424C213860002F7C7 /* Main.storyboard */ = {
			isa = PBXVariantGroup;
			children = (
				5104AC1524C213860002F7C7 /* Base */,
			);
			name = Main.storyboard;
			sourceTree = "<group>";
		};
		5104AC1924C2138A0002F7C7 /* LaunchScreen.storyboard */ = {
			isa = PBXVariantGroup;
			children = (
				5104AC1A24C2138A0002F7C7 /* Base */,
			);
			name = LaunchScreen.storyboard;
			sourceTree = "<group>";
		};
/* End PBXVariantGroup section */

/* Begin XCBuildConfiguration section */
		5104AC1D24C2138A0002F7C7 /* Debug */ = {
			isa = XCBuildConfiguration;
			buildSettings = {
				ALWAYS_SEARCH_USER_PATHS = NO;
				CLANG_ANALYZER_NONNULL = YES;
				CLANG_ANALYZER_NUMBER_OBJECT_CONVERSION = YES_AGGRESSIVE;
				CLANG_CXX_LANGUAGE_STANDARD = "gnu++14";
				CLANG_CXX_LIBRARY = "libc++";
				CLANG_ENABLE_MODULES = YES;
				CLANG_ENABLE_OBJC_ARC = YES;
				CLANG_ENABLE_OBJC_WEAK = YES;
				CLANG_WARN_BLOCK_CAPTURE_AUTORELEASING = YES;
				CLANG_WARN_BOOL_CONVERSION = YES;
				CLANG_WARN_COMMA = YES;
				CLANG_WARN_CONSTANT_CONVERSION = YES;
				CLANG_WARN_DEPRECATED_OBJC_IMPLEMENTATIONS = YES;
				CLANG_WARN_DIRECT_OBJC_ISA_USAGE = YES_ERROR;
				CLANG_WARN_DOCUMENTATION_COMMENTS = YES;
				CLANG_WARN_EMPTY_BODY = YES;
				CLANG_WARN_ENUM_CONVERSION = YES;
				CLANG_WARN_INFINITE_RECURSION = YES;
				CLANG_WARN_INT_CONVERSION = YES;
				CLANG_WARN_NON_LITERAL_NULL_CONVERSION = YES;
				CLANG_WARN_OBJC_IMPLICIT_RETAIN_SELF = YES;
				CLANG_WARN_OBJC_LITERAL_CONVERSION = YES;
				CLANG_WARN_OBJC_ROOT_CLASS = YES_ERROR;
				CLANG_WARN_RANGE_LOOP_ANALYSIS = YES;
				CLANG_WARN_STRICT_PROTOTYPES = YES;
				CLANG_WARN_SUSPICIOUS_MOVE = YES;
				CLANG_WARN_UNGUARDED_AVAILABILITY = YES_AGGRESSIVE;
				CLANG_WARN_UNREACHABLE_CODE = YES;
				CLANG_WARN__DUPLICATE_METHOD_MATCH = YES;
				COPY_PHASE_STRIP = NO;
				DEBUG_INFORMATION_FORMAT = dwarf;
				ENABLE_STRICT_OBJC_MSGSEND = YES;
				ENABLE_TESTABILITY = YES;
				GCC_C_LANGUAGE_STANDARD = gnu11;
				GCC_DYNAMIC_NO_PIC = NO;
				GCC_NO_COMMON_BLOCKS = YES;
				GCC_OPTIMIZATION_LEVEL = 0;
				GCC_PREPROCESSOR_DEFINITIONS = (
					"DEBUG=1",
					"$(inherited)",
				);
				GCC_WARN_64_TO_32_BIT_CONVERSION = YES;
				GCC_WARN_ABOUT_RETURN_TYPE = YES_ERROR;
				GCC_WARN_UNDECLARED_SELECTOR = YES;
				GCC_WARN_UNINITIALIZED_AUTOS = YES_AGGRESSIVE;
				GCC_WARN_UNUSED_FUNCTION = YES;
				GCC_WARN_UNUSED_VARIABLE = YES;
				IPHONEOS_DEPLOYMENT_TARGET = 13.5;
				MTL_ENABLE_DEBUG_INFO = INCLUDE_SOURCE;
				MTL_FAST_MATH = YES;
				ONLY_ACTIVE_ARCH = YES;
				SDKROOT = iphoneos;
				SWIFT_ACTIVE_COMPILATION_CONDITIONS = DEBUG;
				SWIFT_OPTIMIZATION_LEVEL = "-Onone";
			};
			name = Debug;
		};
		5104AC1E24C2138A0002F7C7 /* Release */ = {
			isa = XCBuildConfiguration;
			buildSettings = {
				ALWAYS_SEARCH_USER_PATHS = NO;
				CLANG_ANALYZER_NONNULL = YES;
				CLANG_ANALYZER_NUMBER_OBJECT_CONVERSION = YES_AGGRESSIVE;
				CLANG_CXX_LANGUAGE_STANDARD = "gnu++14";
				CLANG_CXX_LIBRARY = "libc++";
				CLANG_ENABLE_MODULES = YES;
				CLANG_ENABLE_OBJC_ARC = YES;
				CLANG_ENABLE_OBJC_WEAK = YES;
				CLANG_WARN_BLOCK_CAPTURE_AUTORELEASING = YES;
				CLANG_WARN_BOOL_CONVERSION = YES;
				CLANG_WARN_COMMA = YES;
				CLANG_WARN_CONSTANT_CONVERSION = YES;
				CLANG_WARN_DEPRECATED_OBJC_IMPLEMENTATIONS = YES;
				CLANG_WARN_DIRECT_OBJC_ISA_USAGE = YES_ERROR;
				CLANG_WARN_DOCUMENTATION_COMMENTS = YES;
				CLANG_WARN_EMPTY_BODY = YES;
				CLANG_WARN_ENUM_CONVERSION = YES;
				CLANG_WARN_INFINITE_RECURSION = YES;
				CLANG_WARN_INT_CONVERSION = YES;
				CLANG_WARN_NON_LITERAL_NULL_CONVERSION = YES;
				CLANG_WARN_OBJC_IMPLICIT_RETAIN_SELF = YES;
				CLANG_WARN_OBJC_LITERAL_CONVERSION = YES;
				CLANG_WARN_OBJC_ROOT_CLASS = YES_ERROR;
				CLANG_WARN_RANGE_LOOP_ANALYSIS = YES;
				CLANG_WARN_STRICT_PROTOTYPES = YES;
				CLANG_WARN_SUSPICIOUS_MOVE = YES;
				CLANG_WARN_UNGUARDED_AVAILABILITY = YES_AGGRESSIVE;
				CLANG_WARN_UNREACHABLE_CODE = YES;
				CLANG_WARN__DUPLICATE_METHOD_MATCH = YES;
				COPY_PHASE_STRIP = NO;
				DEBUG_INFORMATION_FORMAT = "dwarf-with-dsym";
				ENABLE_NS_ASSERTIONS = NO;
				ENABLE_STRICT_OBJC_MSGSEND = YES;
				GCC_C_LANGUAGE_STANDARD = gnu11;
				GCC_NO_COMMON_BLOCKS = YES;
				GCC_WARN_64_TO_32_BIT_CONVERSION = YES;
				GCC_WARN_ABOUT_RETURN_TYPE = YES_ERROR;
				GCC_WARN_UNDECLARED_SELECTOR = YES;
				GCC_WARN_UNINITIALIZED_AUTOS = YES_AGGRESSIVE;
				GCC_WARN_UNUSED_FUNCTION = YES;
				GCC_WARN_UNUSED_VARIABLE = YES;
				IPHONEOS_DEPLOYMENT_TARGET = 13.5;
				MTL_ENABLE_DEBUG_INFO = NO;
				MTL_FAST_MATH = YES;
				SDKROOT = iphoneos;
				SWIFT_COMPILATION_MODE = wholemodule;
				SWIFT_OPTIMIZATION_LEVEL = "-O";
				VALIDATE_PRODUCT = YES;
			};
			name = Release;
		};
		5104AC2024C2138A0002F7C7 /* Debug */ = {
			isa = XCBuildConfiguration;
			baseConfigurationReference = FC4DBDAED7341443CEF53FAE /* Pods-instagram.debug.xcconfig */;
			buildSettings = {
				ASSETCATALOG_COMPILER_APPICON_NAME = AppIcon;
				CODE_SIGN_STYLE = Automatic;
				DEVELOPMENT_TEAM = RHZ27634QP;
				INFOPLIST_FILE = instagram/Info.plist;
				LD_RUNPATH_SEARCH_PATHS = (
					"$(inherited)",
					"@executable_path/Frameworks",
				);
				PRODUCT_BUNDLE_IDENTIFIER = jp.tecacademy.ryosuke.ishihara.instagram;
				PRODUCT_NAME = "$(TARGET_NAME)";
				SWIFT_VERSION = 5.0;
				TARGETED_DEVICE_FAMILY = 1;
			};
			name = Debug;
		};
		5104AC2124C2138A0002F7C7 /* Release */ = {
			isa = XCBuildConfiguration;
			baseConfigurationReference = D9399A236BA20391977C2430 /* Pods-instagram.release.xcconfig */;
			buildSettings = {
				ASSETCATALOG_COMPILER_APPICON_NAME = AppIcon;
				CODE_SIGN_STYLE = Automatic;
				DEVELOPMENT_TEAM = RHZ27634QP;
				INFOPLIST_FILE = instagram/Info.plist;
				LD_RUNPATH_SEARCH_PATHS = (
					"$(inherited)",
					"@executable_path/Frameworks",
				);
				PRODUCT_BUNDLE_IDENTIFIER = jp.tecacademy.ryosuke.ishihara.instagram;
				PRODUCT_NAME = "$(TARGET_NAME)";
				SWIFT_VERSION = 5.0;
				TARGETED_DEVICE_FAMILY = 1;
			};
			name = Release;
		};
/* End XCBuildConfiguration section */

/* Begin XCConfigurationList section */
		5104AC0624C213860002F7C7 /* Build configuration list for PBXProject "instagram" */ = {
			isa = XCConfigurationList;
			buildConfigurations = (
				5104AC1D24C2138A0002F7C7 /* Debug */,
				5104AC1E24C2138A0002F7C7 /* Release */,
			);
			defaultConfigurationIsVisible = 0;
			defaultConfigurationName = Release;
		};
		5104AC1F24C2138A0002F7C7 /* Build configuration list for PBXNativeTarget "instagram" */ = {
			isa = XCConfigurationList;
			buildConfigurations = (
				5104AC2024C2138A0002F7C7 /* Debug */,
				5104AC2124C2138A0002F7C7 /* Release */,
			);
			defaultConfigurationIsVisible = 0;
			defaultConfigurationName = Release;
		};
/* End XCConfigurationList section */
	};
	rootObject = 5104AC0324C213860002F7C7 /* Project object */;
}
